
Microsoft Visual Studio Solution File, Format Version 12.00
# Visual Studio Version 16
VisualStudioVersion = 16.0.31321.278
MinimumVisualStudioVersion = 10.0.40219.1
Project("{FAE04EC0-301F-11D3-BF4B-00C04F79EFBC}") = "SProject1", "SProject1.csproj", "{D3943203-D251-45C8-9009-37872F8AD903}"
EndProject
Global
	GlobalSection(SolutionConfigurationPlatforms) = preSolution
		Debug|Any CPU = Debug|Any CPU
		Release|Any CPU = Release|Any CPU
	EndGlobalSection
	GlobalSection(ProjectConfigurationPlatforms) = postSolution
		{D3943203-D251-45C8-9009-37872F8AD903}.Debug|Any CPU.ActiveCfg = Debug|Any CPU
		{D3943203-D251-45C8-9009-37872F8AD903}.Debug|Any CPU.Build.0 = Debug|Any CPU
		{D3943203-D251-45C8-9009-37872F8AD903}.Release|Any CPU.ActiveCfg = Release|Any CPU
		{D3943203-D251-45C8-9009-37872F8AD903}.Release|Any CPU.Build.0 = Release|Any CPU
	EndGlobalSection
	GlobalSection(SolutionProperties) = preSolution
		HideSolutionNode = FALSE
	EndGlobalSection
	GlobalSection(ExtensibilityGlobals) = postSolution
		SolutionGuid = {0C3FA604-678D-456B-9435-FCA15F95B782}
	EndGlobalSection
EndGlobal
